
Microsoft Visual Studio Solution File, Format Version 12.00
# Visual Studio Version 17
VisualStudioVersion = 17.7.34202.233
MinimumVisualStudioVersion = 10.0.40219.1
Project("{FAE04EC0-301F-11D3-BF4B-00C04F79EFBC}") = "TerminalWebApi", "TerminalWebApi\TerminalWebApi.csproj", "{299ACA62-CC42-4F0E-871A-B414F94B2B0D}"
EndProject
Global
	GlobalSection(SolutionConfigurationPlatforms) = preSolution
		Debug|Any CPU = Debug|Any CPU
		Release|Any CPU = Release|Any CPU
	EndGlobalSection
	GlobalSection(ProjectConfigurationPlatforms) = postSolution
		{299ACA62-CC42-4F0E-871A-B414F94B2B0D}.Debug|Any CPU.ActiveCfg = Debug|Any CPU
		{299ACA62-CC42-4F0E-871A-B414F94B2B0D}.Debug|Any CPU.Build.0 = Debug|Any CPU
		{299ACA62-CC42-4F0E-871A-B414F94B2B0D}.Release|Any CPU.ActiveCfg = Release|Any CPU
		{299ACA62-CC42-4F0E-871A-B414F94B2B0D}.Release|Any CPU.Build.0 = Release|Any CPU
	EndGlobalSection
	GlobalSection(SolutionProperties) = preSolution
		HideSolutionNode = FALSE
	EndGlobalSection
	GlobalSection(ExtensibilityGlobals) = postSolution
		SolutionGuid = {8C2B1F16-9222-437A-BCCD-812C4053DE69}
	EndGlobalSection
EndGlobal
